Microsoft Visual Studio Solution File, Format Version 12.00
# Visual Studio Version 17
VisualStudioVersion = 17.5.2.0
MinimumVisualStudioVersion = 10.0.40219.1
Project("{FAE04EC0-301F-11D3-BF4B-00C04F79EFBC}") = "ReadingTracker.API", "ReadingTracker.API.csproj", "{30833F53-9514-52A6-2D95-FE97A742B367}"
EndProject
Global
	GlobalSection(SolutionConfigurationPlatforms) = preSolution
		Debug|Any CPU = Debug|Any CPU
		Release|Any CPU = Release|Any CPU
	EndGlobalSection
	GlobalSection(ProjectConfigurationPlatforms) = postSolution
		{30833F53-9514-52A6-2D95-FE97A742B367}.Debug|Any CPU.ActiveCfg = Debug|Any CPU
		{30833F53-9514-52A6-2D95-FE97A742B367}.Debug|Any CPU.Build.0 = Debug|Any CPU
		{30833F53-9514-52A6-2D95-FE97A742B367}.Release|Any CPU.ActiveCfg = Release|Any CPU
		{30833F53-9514-52A6-2D95-FE97A742B367}.Release|Any CPU.Build.0 = Release|Any CPU
	EndGlobalSection
	GlobalSection(SolutionProperties) = preSolution
		HideSolutionNode = FALSE
	EndGlobalSection
	GlobalSection(ExtensibilityGlobals) = postSolution
		SolutionGuid = {169BD09D-A979-42C0-8618-9C4A97072AE6}
	EndGlobalSection
EndGlobal
